# THIS IS AN AUTOGENERATED FILE. DO NOT EDIT THIS FILE DIRECTLY.
# yarn lockfile v1


codemirror@^5.58.2:
  version "5.58.2"
  resolved "https://registry.yarnpkg.com/codemirror/-/codemirror-5.58.2.tgz#ed54a1796de1498688bea1cdd4e9eeb187565d1b"
  integrity sha512-K/hOh24cCwRutd1Mk3uLtjWzNISOkm4fvXiMO7LucCrqbh6aJDdtqUziim3MZUI6wOY0rvY1SlL1Ork01uMy6w==
